
Microsoft Visual Studio Solution File, Format Version 12.00
# Visual Studio 2013
VisualStudioVersion = 12.0.21005.1
MinimumVisualStudioVersion = 10.0.40219.1
Project("{FAE04EC0-301F-11D3-BF4B-00C04F79EFBC}") = "CandPCI_1", "CandPCI_1\CandPCI_1.csproj", "{2A26B66C-F712-4C4B-9167-9024DCCE8D6C}"
EndProject
Project("{FAE04EC0-301F-11D3-BF4B-00C04F79EFBC}") = "CandPCI_2", "CandPCI_2\CandPCI_2.csproj", "{5E7686E5-BBC3-45D4-91E9-2EC50F451E81}"
EndProject
Project("{FAE04EC0-301F-11D3-BF4B-00C04F79EFBC}") = "CandPCI_1_UI", "CandPCI_1_UI\CandPCI_1_UI.csproj", "{5847A923-8226-4446-9019-8B3CD1B394F2}"
EndProject
Project("{FAE04EC0-301F-11D3-BF4B-00C04F79EFBC}") = "CandPCI_6", "CandPCI_6\CandPCI_6.csproj", "{610DD33A-5EAA-4550-9838-2346C5BC720A}"
EndProject
Project("{FAE04EC0-301F-11D3-BF4B-00C04F79EFBC}") = "CandPCI_6_UI", "CandPCI_6_UI\CandPCI_6_UI.csproj", "{8C4DB046-2CB5-4F60-AB75-BB2894835D29}"
EndProject
Project("{FAE04EC0-301F-11D3-BF4B-00C04F79EFBC}") = "CandPCI_3", "CandPCI_3\CandPCI_3.csproj", "{8890EE4B-5D33-4C93-BC46-C1D9EC03C992}"
EndProject
Project("{FAE04EC0-301F-11D3-BF4B-00C04F79EFBC}") = "CandPCI_3_Concole_UI", "CandPCI_Concole_UI\CandPCI_3_Concole_UI.csproj", "{323D006E-3DA5-4FA2-AA01-63A8DA54FF6C}"
EndProject
Project("{FAE04EC0-301F-11D3-BF4B-00C04F79EFBC}") = "CandPCI_4", "CandPCI_4\CandPCI_4.csproj", "{3D4E8402-CB17-4017-A57E-7E53EC285C43}"
EndProject
Global
	GlobalSection(SolutionConfigurationPlatforms) = preSolution
		Debug|Any CPU = Debug|Any CPU
		Release|Any CPU = Release|Any CPU
	EndGlobalSection
	GlobalSection(ProjectConfigurationPlatforms) = postSolution
		{2A26B66C-F712-4C4B-9167-9024DCCE8D6C}.Debug|Any CPU.ActiveCfg = Debug|Any CPU
		{2A26B66C-F712-4C4B-9167-9024DCCE8D6C}.Debug|Any CPU.Build.0 = Debug|Any CPU
		{2A26B66C-F712-4C4B-9167-9024DCCE8D6C}.Release|Any CPU.ActiveCfg = Release|Any CPU
		{2A26B66C-F712-4C4B-9167-9024DCCE8D6C}.Release|Any CPU.Build.0 = Release|Any CPU
		{5E7686E5-BBC3-45D4-91E9-2EC50F451E81}.Debug|Any CPU.ActiveCfg = Debug|Any CPU
		{5E7686E5-BBC3-45D4-91E9-2EC50F451E81}.Debug|Any CPU.Build.0 = Debug|Any CPU
		{5E7686E5-BBC3-45D4-91E9-2EC50F451E81}.Release|Any CPU.ActiveCfg = Release|Any CPU
		{5E7686E5-BBC3-45D4-91E9-2EC50F451E81}.Release|Any CPU.Build.0 = Release|Any CPU
		{5847A923-8226-4446-9019-8B3CD1B394F2}.Debug|Any CPU.ActiveCfg = Debug|Any CPU
		{5847A923-8226-4446-9019-8B3CD1B394F2}.Debug|Any CPU.Build.0 = Debug|Any CPU
		{5847A923-8226-4446-9019-8B3CD1B394F2}.Release|Any CPU.ActiveCfg = Release|Any CPU
		{5847A923-8226-4446-9019-8B3CD1B394F2}.Release|Any CPU.Build.0 = Release|Any CPU
		{610DD33A-5EAA-4550-9838-2346C5BC720A}.Debug|Any CPU.ActiveCfg = Debug|Any CPU
		{610DD33A-5EAA-4550-9838-2346C5BC720A}.Debug|Any CPU.Build.0 = Debug|Any CPU
		{610DD33A-5EAA-4550-9838-2346C5BC720A}.Release|Any CPU.ActiveCfg = Release|Any CPU
		{610DD33A-5EAA-4550-9838-2346C5BC720A}.Release|Any CPU.Build.0 = Release|Any CPU
		{8C4DB046-2CB5-4F60-AB75-BB2894835D29}.Debug|Any CPU.ActiveCfg = Debug|Any CPU
		{8C4DB046-2CB5-4F60-AB75-BB2894835D29}.Debug|Any CPU.Build.0 = Debug|Any CPU
		{8C4DB046-2CB5-4F60-AB75-BB2894835D29}.Release|Any CPU.ActiveCfg = Release|Any CPU
		{8C4DB046-2CB5-4F60-AB75-BB2894835D29}.Release|Any CPU.Build.0 = Release|Any CPU
		{8890EE4B-5D33-4C93-BC46-C1D9EC03C992}.Debug|Any CPU.ActiveCfg = Debug|Any CPU
		{8890EE4B-5D33-4C93-BC46-C1D9EC03C992}.Debug|Any CPU.Build.0 = Debug|Any CPU
		{8890EE4B-5D33-4C93-BC46-C1D9EC03C992}.Release|Any CPU.ActiveCfg = Release|Any CPU
		{8890EE4B-5D33-4C93-BC46-C1D9EC03C992}.Release|Any CPU.Build.0 = Release|Any CPU
		{323D006E-3DA5-4FA2-AA01-63A8DA54FF6C}.Debug|Any CPU.ActiveCfg = Debug|Any CPU
		{323D006E-3DA5-4FA2-AA01-63A8DA54FF6C}.Debug|Any CPU.Build.0 = Debug|Any CPU
		{323D006E-3DA5-4FA2-AA01-63A8DA54FF6C}.Release|Any CPU.ActiveCfg = Release|Any CPU
		{323D006E-3DA5-4FA2-AA01-63A8DA54FF6C}.Release|Any CPU.Build.0 = Release|Any CPU
		{3D4E8402-CB17-4017-A57E-7E53EC285C43}.Debug|Any CPU.ActiveCfg = Debug|Any CPU
		{3D4E8402-CB17-4017-A57E-7E53EC285C43}.Debug|Any CPU.Build.0 = Debug|Any CPU
		{3D4E8402-CB17-4017-A57E-7E53EC285C43}.Release|Any CPU.ActiveCfg = Release|Any CPU
		{3D4E8402-CB17-4017-A57E-7E53EC285C43}.Release|Any CPU.Build.0 = Release|Any CPU
	EndGlobalSection
	GlobalSection(SolutionProperties) = preSolution
		HideSolutionNode = FALSE
	EndGlobalSection
EndGlobal
